// !$*UTF8*$!
{
	archiveVersion = 1;
	classes = {
	};
	objectVersion = 48;
	objects = {

/* Begin PBXBuildFile section */
		41D92BB5225C3FDE0098E260 /* BaseTableViewCell.swift in Sources */ = {isa = PBXBuildFile; fileRef = 41D92BB4225C3FDE0098E260 /* BaseTableViewCell.swift */; };
		500A2BCA2049FC040073ED70 /* ResponseError.swift in Sources */ = {isa = PBXBuildFile; fileRef = 500A2BC92049FC040073ED70 /* ResponseError.swift */; };
		500A2BD520501AA70073ED70 /* Error.swift in Sources */ = {isa = PBXBuildFile; fileRef = 500A2BD420501AA60073ED70 /* Error.swift */; };
		506003921FFFA17000B54AED /* AppDelegate.swift in Sources */ = {isa = PBXBuildFile; fileRef = 506003911FFFA17000B54AED /* AppDelegate.swift */; };
		506003941FFFA17000B54AED /* ViewController.swift in Sources */ = {isa = PBXBuildFile; fileRef = 506003931FFFA17000B54AED /* ViewController.swift */; };
		506003971FFFA17000B54AED /* Main.storyboard in Resources */ = {isa = PBXBuildFile; fileRef = 506003951FFFA17000B54AED /* Main.storyboard */; };
		506003991FFFA17000B54AED /* Assets.xcassets in Resources */ = {isa = PBXBuildFile; fileRef = 506003981FFFA17000B54AED /* Assets.xcassets */; };
		5060039C1FFFA17000B54AED /* LaunchScreen.storyboard in Resources */ = {isa = PBXBuildFile; fileRef = 5060039A1FFFA17000B54AED /* LaunchScreen.storyboard */; };
		506003A71FFFA17000B54AED /* arquitetura_mvvmTests.swift in Sources */ = {isa = PBXBuildFile; fileRef = 506003A61FFFA17000B54AED /* arquitetura_mvvmTests.swift */; };
		506003CA1FFFB57300B54AED /* Post.swift in Sources */ = {isa = PBXBuildFile; fileRef = 506003C91FFFB57300B54AED /* Post.swift */; };
		506003CC1FFFB60500B54AED /* PostRemoteService.swift in Sources */ = {isa = PBXBuildFile; fileRef = 506003CB1FFFB60500B54AED /* PostRemoteService.swift */; };
		506003CE1FFFB63200B54AED /* PostViewModel.swift in Sources */ = {isa = PBXBuildFile; fileRef = 506003CD1FFFB63200B54AED /* PostViewModel.swift */; };
		506003D01FFFB96500B54AED /* Endpoits.swift in Sources */ = {isa = PBXBuildFile; fileRef = 506003CF1FFFB96500B54AED /* Endpoits.swift */; };
		506003D21FFFB98200B54AED /* BaseRemoteService.swift in Sources */ = {isa = PBXBuildFile; fileRef = 506003D11FFFB98200B54AED /* BaseRemoteService.swift */; };
		506003D51FFFF2B800B54AED /* BaseViewController.swift in Sources */ = {isa = PBXBuildFile; fileRef = 506003D41FFFF2B800B54AED /* BaseViewController.swift */; };
		506003D81FFFF4A000B54AED /* PostTableViewCell.swift in Sources */ = {isa = PBXBuildFile; fileRef = 506003D71FFFF4A000B54AED /* PostTableViewCell.swift */; };
		5081A15C20B8BC2900627698 /* PostDetailViewModel.swift in Sources */ = {isa = PBXBuildFile; fileRef = 5081A15B20B8BC2900627698 /* PostDetailViewModel.swift */; };
		5081A15E20B8C01600627698 /* PostDetailViewController.swift in Sources */ = {isa = PBXBuildFile; fileRef = 5081A15D20B8C01600627698 /* PostDetailViewController.swift */; };
		508301C220B461CB00EB4365 /* BaseViewModel.swift in Sources */ = {isa = PBXBuildFile; fileRef = 508301C120B461CB00EB4365 /* BaseViewModel.swift */; };
		508301C420B47A2100EB4365 /* PostTableViewCellViewModel.swift in Sources */ = {isa = PBXBuildFile; fileRef = 508301C320B47A2100EB4365 /* PostTableViewCellViewModel.swift */; };
		509490362259269500875A61 /* posts.json in Resources */ = {isa = PBXBuildFile; fileRef = 50DEADC92258E011008AE829 /* posts.json */; };
		509490372259269800875A61 /* postsError.json in Resources */ = {isa = PBXBuildFile; fileRef = 50DEADCB2258E6AD008AE829 /* postsError.json */; };
		5094903922593D8400875A61 /* PostDetailViewModelTest.swift in Sources */ = {isa = PBXBuildFile; fileRef = 5094903822593D8400875A61 /* PostDetailViewModelTest.swift */; };
		5094903B225963B300875A61 /* post.json in Resources */ = {isa = PBXBuildFile; fileRef = 5094903A225963B300875A61 /* post.json */; };
		5094903D225963D100875A61 /* postError.json in Resources */ = {isa = PBXBuildFile; fileRef = 5094903C225963D100875A61 /* postError.json */; };
		5094903E2259654300875A61 /* post.json in Resources */ = {isa = PBXBuildFile; fileRef = 5094903A225963B300875A61 /* post.json */; };
		5094903F2259659500875A61 /* postError.json in Resources */ = {isa = PBXBuildFile; fileRef = 5094903C225963D100875A61 /* postError.json */; };
		50958029200E19F300D991FF /* arquitetura_mvvmUITests.swift in Sources */ = {isa = PBXBuildFile; fileRef = 50958028200E19F300D991FF /* arquitetura_mvvmUITests.swift */; };
		50958031200E1A9500D991FF /* KIF+Swift.swift in Sources */ = {isa = PBXBuildFile; fileRef = 50958030200E1A9500D991FF /* KIF+Swift.swift */; };
		50D8B1392050231300F64B0B /* BaseRemoteServiceProtocol.swift in Sources */ = {isa = PBXBuildFile; fileRef = 50D8B1382050231300F64B0B /* BaseRemoteServiceProtocol.swift */; };
		50DEADC72258DBBF008AE829 /* BaseTest.swift in Sources */ = {isa = PBXBuildFile; fileRef = 50DEADC62258DBBF008AE829 /* BaseTest.swift */; };
		50DEADCA2258E011008AE829 /* posts.json in Resources */ = {isa = PBXBuildFile; fileRef = 50DEADC92258E011008AE829 /* posts.json */; };
		50DEADCC2258E6AD008AE829 /* postsError.json in Resources */ = {isa = PBXBuildFile; fileRef = 50DEADCB2258E6AD008AE829 /* postsError.json */; };
		50DEADCE22591C20008AE829 /* PostViewModelTest.swift in Sources */ = {isa = PBXBuildFile; fileRef = 50DEADCD22591C20008AE829 /* PostViewModelTest.swift */; };
		5A5FFF18D68CBCF3EB6E88B2 /* Pods_arquitetura_mvvm.framework in Frameworks */ = {isa = PBXBuildFile; fileRef = 5F825570065CDFF8229EDD6D /* Pods_arquitetura_mvvm.framework */; };
		8285E7A849504DEC1FB5C789 /* Pods_arquitetura_mvvmTests.framework in Frameworks */ = {isa = PBXBuildFile; fileRef = 5DD699510C7F7F5A0370F53A /* Pods_arquitetura_mvvmTests.framework */; };
		E97180342713D78FBCA8AF8F /* Pods_arquitetura_mvvm_arquitetura_mvvmUITests.framework in Frameworks */ = {isa = PBXBuildFile; fileRef = 32001A55D78C03944EDAE77A /* Pods_arquitetura_mvvm_arquitetura_mvvmUITests.framework */; };
/* End PBXBuildFile section */

/* Begin PBXContainerItemProxy section */
		506003A31FFFA17000B54AED /* PBXContainerItemProxy */ = {
			isa = PBXContainerItemProxy;
			containerPortal = 506003861FFFA17000B54AED /* Project object */;
			proxyType = 1;
			remoteGlobalIDString = 5060038D1FFFA17000B54AED;
			remoteInfo = "arquitetura-mvvm";
		};
		5095802B200E19F300D991FF /* PBXContainerItemProxy */ = {
			isa = PBXContainerItemProxy;
			containerPortal = 506003861FFFA17000B54AED /* Project object */;
			proxyType = 1;
			remoteGlobalIDString = 5060038D1FFFA17000B54AED;
			remoteInfo = "arquitetura-mvvm";
		};
/* End PBXContainerItemProxy section */

/* Begin PBXFileReference section */
		25089BDA7D8091E5C674F0A0 /* Pods-arquitetura-mvvm-arquitetura-mvvmUITests.debug.xcconfig */ = {isa = PBXFileReference; includeInIndex = 1; lastKnownFileType = text.xcconfig; name = "Pods-arquitetura-mvvm-arquitetura-mvvmUITests.debug.xcconfig"; path = "Target Support Files/Pods-arquitetura-mvvm-arquitetura-mvvmUITests/Pods-arquitetura-mvvm-arquitetura-mvvmUITests.debug.xcconfig"; sourceTree = "<group>"; };
		32001A55D78C03944EDAE77A /* Pods_arquitetura_mvvm_arquitetura_mvvmUITests.framework */ = {isa = PBXFileReference; explicitFileType = wrapper.framework; includeInIndex = 0; path = Pods_arquitetura_mvvm_arquitetura_mvvmUITests.framework; sourceTree = BUILT_PRODUCTS_DIR; };
		41D92BB4225C3FDE0098E260 /* BaseTableViewCell.swift */ = {isa = PBXFileReference; lastKnownFileType = sourcecode.swift; path = BaseTableViewCell.swift; sourceTree = "<group>"; };
		477F30B8A09910C9E2581544 /* Pods-arquitetura-mvvm.release.xcconfig */ = {isa = PBXFileReference; includeInIndex = 1; lastKnownFileType = text.xcconfig; name = "Pods-arquitetura-mvvm.release.xcconfig"; path = "Target Support Files/Pods-arquitetura-mvvm/Pods-arquitetura-mvvm.release.xcconfig"; sourceTree = "<group>"; };
		500A2BC92049FC040073ED70 /* ResponseError.swift */ = {isa = PBXFileReference; lastKnownFileType = sourcecode.swift; path = ResponseError.swift; sourceTree = "<group>"; };
		500A2BD420501AA60073ED70 /* Error.swift */ = {isa = PBXFileReference; lastKnownFileType = sourcecode.swift; path = Error.swift; sourceTree = "<group>"; };
		5060038E1FFFA17000B54AED /* arquitetura-mvvm.app */ = {isa = PBXFileReference; explicitFileType = wrapper.application; includeInIndex = 0; path = "arquitetura-mvvm.app"; sourceTree = BUILT_PRODUCTS_DIR; };
		506003911FFFA17000B54AED /* AppDelegate.swift */ = {isa = PBXFileReference; lastKnownFileType = sourcecode.swift; path = AppDelegate.swift; sourceTree = "<group>"; };
		506003931FFFA17000B54AED /* ViewController.swift */ = {isa = PBXFileReference; lastKnownFileType = sourcecode.swift; path = ViewController.swift; sourceTree = "<group>"; };
		506003961FFFA17000B54AED /* Base */ = {isa = PBXFileReference; lastKnownFileType = file.storyboard; name = Base; path = Base.lproj/Main.storyboard; sourceTree = "<group>"; };
		506003981FFFA17000B54AED /* Assets.xcassets */ = {isa = PBXFileReference; lastKnownFileType = folder.assetcatalog; path = Assets.xcassets; sourceTree = "<group>"; };
		5060039B1FFFA17000B54AED /* Base */ = {isa = PBXFileReference; lastKnownFileType = file.storyboard; name = Base; path = Base.lproj/LaunchScreen.storyboard; sourceTree = "<group>"; };
		5060039D1FFFA17000B54AED /* Info.plist */ = {isa = PBXFileReference; lastKnownFileType = text.plist.xml; path = Info.plist; sourceTree = "<group>"; };
		506003A21FFFA17000B54AED /* arquitetura-mvvmTests.xctest */ = {isa = PBXFileReference; explicitFileType = wrapper.cfbundle; includeInIndex = 0; path = "arquitetura-mvvmTests.xctest"; sourceTree = BUILT_PRODUCTS_DIR; };
		506003A61FFFA17000B54AED /* arquitetura_mvvmTests.swift */ = {isa = PBXFileReference; lastKnownFileType = sourcecode.swift; path = arquitetura_mvvmTests.swift; sourceTree = "<group>"; };
		506003A81FFFA17000B54AED /* Info.plist */ = {isa = PBXFileReference; lastKnownFileType = text.plist.xml; path = Info.plist; sourceTree = "<group>"; };
		506003C91FFFB57300B54AED /* Post.swift */ = {isa = PBXFileReference; lastKnownFileType = sourcecode.swift; path = Post.swift; sourceTree = "<group>"; };
		506003CB1FFFB60500B54AED /* PostRemoteService.swift */ = {isa = PBXFileReference; lastKnownFileType = sourcecode.swift; path = PostRemoteService.swift; sourceTree = "<group>"; };
		506003CD1FFFB63200B54AED /* PostViewModel.swift */ = {isa = PBXFileReference; lastKnownFileType = sourcecode.swift; path = PostViewModel.swift; sourceTree = "<group>"; };
		506003CF1FFFB96500B54AED /* Endpoits.swift */ = {isa = PBXFileReference; lastKnownFileType = sourcecode.swift; path = Endpoits.swift; sourceTree = "<group>"; };
		506003D11FFFB98200B54AED /* BaseRemoteService.swift */ = {isa = PBXFileReference; lastKnownFileType = sourcecode.swift; path = BaseRemoteService.swift; sourceTree = "<group>"; };
		506003D41FFFF2B800B54AED /* BaseViewController.swift */ = {isa = PBXFileReference; lastKnownFileType = sourcecode.swift; path = BaseViewController.swift; sourceTree = "<group>"; };
		506003D71FFFF4A000B54AED /* PostTableViewCell.swift */ = {isa = PBXFileReference; lastKnownFileType = sourcecode.swift; path = PostTableViewCell.swift; sourceTree = "<group>"; };
		5081A15B20B8BC2900627698 /* PostDetailViewModel.swift */ = {isa = PBXFileReference; lastKnownFileType = sourcecode.swift; path = PostDetailViewModel.swift; sourceTree = "<group>"; };
		5081A15D20B8C01600627698 /* PostDetailViewController.swift */ = {isa = PBXFileReference; lastKnownFileType = sourcecode.swift; path = PostDetailViewController.swift; sourceTree = "<group>"; };
		508301C120B461CB00EB4365 /* BaseViewModel.swift */ = {isa = PBXFileReference; lastKnownFileType = sourcecode.swift; path = BaseViewModel.swift; sourceTree = "<group>"; };
		508301C320B47A2100EB4365 /* PostTableViewCellViewModel.swift */ = {isa = PBXFileReference; lastKnownFileType = sourcecode.swift; path = PostTableViewCellViewModel.swift; sourceTree = "<group>"; };
		5094903822593D8400875A61 /* PostDetailViewModelTest.swift */ = {isa = PBXFileReference; lastKnownFileType = sourcecode.swift; path = PostDetailViewModelTest.swift; sourceTree = "<group>"; };
		5094903A225963B300875A61 /* post.json */ = {isa = PBXFileReference; lastKnownFileType = text.json; path = post.json; sourceTree = "<group>"; };
		5094903C225963D100875A61 /* postError.json */ = {isa = PBXFileReference; lastKnownFileType = text.json; path = postError.json; sourceTree = "<group>"; };
		50958026200E19F300D991FF /* arquitetura-mvvmUITests.xctest */ = {isa = PBXFileReference; explicitFileType = wrapper.cfbundle; includeInIndex = 0; path = "arquitetura-mvvmUITests.xctest"; sourceTree = BUILT_PRODUCTS_DIR; };
		50958028200E19F300D991FF /* arquitetura_mvvmUITests.swift */ = {isa = PBXFileReference; lastKnownFileType = sourcecode.swift; path = arquitetura_mvvmUITests.swift; sourceTree = "<group>"; };
		5095802A200E19F300D991FF /* Info.plist */ = {isa = PBXFileReference; lastKnownFileType = text.plist.xml; path = Info.plist; sourceTree = "<group>"; };
		50958030200E1A9500D991FF /* KIF+Swift.swift */ = {isa = PBXFileReference; lastKnownFileType = sourcecode.swift; path = "KIF+Swift.swift"; sourceTree = "<group>"; };
		50D8B1382050231300F64B0B /* BaseRemoteServiceProtocol.swift */ = {isa = PBXFileReference; lastKnownFileType = sourcecode.swift; path = BaseRemoteServiceProtocol.swift; sourceTree = "<group>"; };
		50DEADC62258DBBF008AE829 /* BaseTest.swift */ = {isa = PBXFileReference; lastKnownFileType = sourcecode.swift; path = BaseTest.swift; sourceTree = "<group>"; };
		50DEADC92258E011008AE829 /* posts.json */ = {isa = PBXFileReference; lastKnownFileType = text.json; path = posts.json; sourceTree = "<group>"; };
		50DEADCB2258E6AD008AE829 /* postsError.json */ = {isa = PBXFileReference; lastKnownFileType = text.json; path = postsError.json; sourceTree = "<group>"; };
		50DEADCD22591C20008AE829 /* PostViewModelTest.swift */ = {isa = PBXFileReference; lastKnownFileType = sourcecode.swift; path = PostViewModelTest.swift; sourceTree = "<group>"; };
		5DD699510C7F7F5A0370F53A /* Pods_arquitetura_mvvmTests.framework */ = {isa = PBXFileReference; explicitFileType = wrapper.framework; includeInIndex = 0; path = Pods_arquitetura_mvvmTests.framework; sourceTree = BUILT_PRODUCTS_DIR; };
		5F825570065CDFF8229EDD6D /* Pods_arquitetura_mvvm.framework */ = {isa = PBXFileReference; explicitFileType = wrapper.framework; includeInIndex = 0; path = Pods_arquitetura_mvvm.framework; sourceTree = BUILT_PRODUCTS_DIR; };
		BEDE83171C385C0BBFC4A6A5 /* Pods-arquitetura-mvvmTests.release.xcconfig */ = {isa = PBXFileReference; includeInIndex = 1; lastKnownFileType = text.xcconfig; name = "Pods-arquitetura-mvvmTests.release.xcconfig"; path = "Target Support Files/Pods-arquitetura-mvvmTests/Pods-arquitetura-mvvmTests.release.xcconfig"; sourceTree = "<group>"; };
		D0ED9EE9C274FFA90DA4BD79 /* Pods-arquitetura-mvvm-arquitetura-mvvmUITests.release.xcconfig */ = {isa = PBXFileReference; includeInIndex = 1; lastKnownFileType = text.xcconfig; name = "Pods-arquitetura-mvvm-arquitetura-mvvmUITests.release.xcconfig"; path = "Target Support Files/Pods-arquitetura-mvvm-arquitetura-mvvmUITests/Pods-arquitetura-mvvm-arquitetura-mvvmUITests.release.xcconfig"; sourceTree = "<group>"; };
		D7216170248E246881AEEA11 /* Pods-arquitetura-mvvmTests.debug.xcconfig */ = {isa = PBXFileReference; includeInIndex = 1; lastKnownFileType = text.xcconfig; name = "Pods-arquitetura-mvvmTests.debug.xcconfig"; path = "Target Support Files/Pods-arquitetura-mvvmTests/Pods-arquitetura-mvvmTests.debug.xcconfig"; sourceTree = "<group>"; };
		F9541CFF97842100114EF240 /* Pods-arquitetura-mvvm.debug.xcconfig */ = {isa = PBXFileReference; includeInIndex = 1; lastKnownFileType = text.xcconfig; name = "Pods-arquitetura-mvvm.debug.xcconfig"; path = "Target Support Files/Pods-arquitetura-mvvm/Pods-arquitetura-mvvm.debug.xcconfig"; sourceTree = "<group>"; };
/* End PBXFileReference section */

/* Begin PBXFrameworksBuildPhase section */
		5060038B1FFFA17000B54AED /* Frameworks */ = {
			isa = PBXFrameworksBuildPhase;
			buildActionMask = 2147483647;
			files = (
				5A5FFF18D68CBCF3EB6E88B2 /* Pods_arquitetura_mvvm.framework in Frameworks */,
			);
			runOnlyForDeploymentPostprocessing = 0;
		};
		5060039F1FFFA17000B54AED /* Frameworks */ = {
			isa = PBXFrameworksBuildPhase;
			buildActionMask = 2147483647;
			files = (
				8285E7A849504DEC1FB5C789 /* Pods_arquitetura_mvvmTests.framework in Frameworks */,
			);
			runOnlyForDeploymentPostprocessing = 0;
		};
		50958023200E19F300D991FF /* Frameworks */ = {
			isa = PBXFrameworksBuildPhase;
			buildActionMask = 2147483647;
			files = (
				E97180342713D78FBCA8AF8F /* Pods_arquitetura_mvvm_arquitetura_mvvmUITests.framework in Frameworks */,
			);
			runOnlyForDeploymentPostprocessing = 0;
		};
/* End PBXFrameworksBuildPhase section */

/* Begin PBXGroup section */
		38A33E327E8C5A24051B6549 /* Frameworks */ = {
			isa = PBXGroup;
			children = (
				5F825570065CDFF8229EDD6D /* Pods_arquitetura_mvvm.framework */,
				32001A55D78C03944EDAE77A /* Pods_arquitetura_mvvm_arquitetura_mvvmUITests.framework */,
				5DD699510C7F7F5A0370F53A /* Pods_arquitetura_mvvmTests.framework */,
			);
			name = Frameworks;
			sourceTree = "<group>";
		};
		500A2BCB204EAF6D0073ED70 /* Protocol */ = {
			isa = PBXGroup;
			children = (
				50D8B1382050231300F64B0B /* BaseRemoteServiceProtocol.swift */,
			);
			path = Protocol;
			sourceTree = "<group>";
		};
		506003851FFFA17000B54AED = {
			isa = PBXGroup;
			children = (
				506003901FFFA17000B54AED /* arquitetura-mvvm */,
				506003A51FFFA17000B54AED /* arquitetura-mvvmTests */,
				50958027200E19F300D991FF /* arquitetura-mvvmUITests */,
				5060038F1FFFA17000B54AED /* Products */,
				5CB8D66EAC8867F4813EC0C8 /* Pods */,
				38A33E327E8C5A24051B6549 /* Frameworks */,
			);
			sourceTree = "<group>";
		};
		5060038F1FFFA17000B54AED /* Products */ = {
			isa = PBXGroup;
			children = (
				5060038E1FFFA17000B54AED /* arquitetura-mvvm.app */,
				506003A21FFFA17000B54AED /* arquitetura-mvvmTests.xctest */,
				50958026200E19F300D991FF /* arquitetura-mvvmUITests.xctest */,
			);
			name = Products;
			sourceTree = "<group>";
		};
		506003901FFFA17000B54AED /* arquitetura-mvvm */ = {
			isa = PBXGroup;
			children = (
				506003911FFFA17000B54AED /* AppDelegate.swift */,
				506003D920000B3500B54AED /* Common */,
				506003C21FFFA61900B54AED /* Model */,
				506003C01FFFA5FA00B54AED /* View */,
				506003C11FFFA60B00B54AED /* ViewModel */,
			);
			path = "arquitetura-mvvm";
			sourceTree = "<group>";
		};
		506003A51FFFA17000B54AED /* arquitetura-mvvmTests */ = {
			isa = PBXGroup;
			children = (
				506003A61FFFA17000B54AED /* arquitetura_mvvmTests.swift */,
				506003A81FFFA17000B54AED /* Info.plist */,
				50DEADC62258DBBF008AE829 /* BaseTest.swift */,
				50DEADCD22591C20008AE829 /* PostViewModelTest.swift */,
				5094903822593D8400875A61 /* PostDetailViewModelTest.swift */,
			);
			path = "arquitetura-mvvmTests";
			sourceTree = "<group>";
		};
		506003C01FFFA5FA00B54AED /* View */ = {
			isa = PBXGroup;
			children = (
				506003D61FFFF47700B54AED /* Cell */,
				506003C31FFFA63300B54AED /* Controller */,
				506003C41FFFA63800B54AED /* StoryBoard */,
			);
			path = View;
			sourceTree = "<group>";
		};
		506003C11FFFA60B00B54AED /* ViewModel */ = {
			isa = PBXGroup;
			children = (
				506003CD1FFFB63200B54AED /* PostViewModel.swift */,
				508301C120B461CB00EB4365 /* BaseViewModel.swift */,
				508301C320B47A2100EB4365 /* PostTableViewCellViewModel.swift */,
				5081A15B20B8BC2900627698 /* PostDetailViewModel.swift */,
			);
			path = ViewModel;
			sourceTree = "<group>";
		};
		506003C21FFFA61900B54AED /* Model */ = {
			isa = PBXGroup;
			children = (
				506003C81FFFB55900B54AED /* Entity */,
				506003C51FFFA65300B54AED /* Service */,
			);
			path = Model;
			sourceTree = "<group>";
		};
		506003C31FFFA63300B54AED /* Controller */ = {
			isa = PBXGroup;
			children = (
				506003931FFFA17000B54AED /* ViewController.swift */,
				506003D41FFFF2B800B54AED /* BaseViewController.swift */,
				5081A15D20B8C01600627698 /* PostDetailViewController.swift */,
			);
			path = Controller;
			sourceTree = "<group>";
		};
		506003C41FFFA63800B54AED /* StoryBoard */ = {
			isa = PBXGroup;
			children = (
				5060039A1FFFA17000B54AED /* LaunchScreen.storyboard */,
				506003951FFFA17000B54AED /* Main.storyboard */,
			);
			path = StoryBoard;
			sourceTree = "<group>";
		};
		506003C51FFFA65300B54AED /* Service */ = {
			isa = PBXGroup;
			children = (
				506003C71FFFA69100B54AED /* Local */,
				506003C61FFFA68B00B54AED /* Remote */,
			);
			path = Service;
			sourceTree = "<group>";
		};
		506003C61FFFA68B00B54AED /* Remote */ = {
			isa = PBXGroup;
			children = (
				506003D11FFFB98200B54AED /* BaseRemoteService.swift */,
				506003CF1FFFB96500B54AED /* Endpoits.swift */,
				506003CB1FFFB60500B54AED /* PostRemoteService.swift */,
				506003D31FFFBA8800B54AED /* Adapter */,
				500A2BCB204EAF6D0073ED70 /* Protocol */,
			);
			path = Remote;
			sourceTree = "<group>";
		};
		506003C71FFFA69100B54AED /* Local */ = {
			isa = PBXGroup;
			children = (
			);
			path = Local;
			sourceTree = "<group>";
		};
		506003C81FFFB55900B54AED /* Entity */ = {
			isa = PBXGroup;
			children = (
				506003C91FFFB57300B54AED /* Post.swift */,
				500A2BC92049FC040073ED70 /* ResponseError.swift */,
			);
			path = Entity;
			sourceTree = "<group>";
		};
		506003D31FFFBA8800B54AED /* Adapter */ = {
			isa = PBXGroup;
			children = (
			);
			path = Adapter;
			sourceTree = "<group>";
		};
		506003D61FFFF47700B54AED /* Cell */ = {
			isa = PBXGroup;
			children = (
				506003D71FFFF4A000B54AED /* PostTableViewCell.swift */,
				41D92BB4225C3FDE0098E260 /* BaseTableViewCell.swift */,
			);
			path = Cell;
			sourceTree = "<group>";
		};
		506003D920000B3500B54AED /* Common */ = {
			isa = PBXGroup;
			children = (
				5081A15A20B5938900627698 /* Resource */,
				506003DB20000B6200B54AED /* Extension */,
				506003DA20000B5900B54AED /* Util */,
			);
			path = Common;
			sourceTree = "<group>";
		};
		506003DA20000B5900B54AED /* Util */ = {
			isa = PBXGroup;
			children = (
			);
			path = Util;
			sourceTree = "<group>";
		};
		506003DB20000B6200B54AED /* Extension */ = {
			isa = PBXGroup;
			children = (
				500A2BD420501AA60073ED70 /* Error.swift */,
			);
			path = Extension;
			sourceTree = "<group>";
		};
		5081A15A20B5938900627698 /* Resource */ = {
			isa = PBXGroup;
			children = (
				50DEADC82258DFF4008AE829 /* Json */,
				506003981FFFA17000B54AED /* Assets.xcassets */,
				5060039D1FFFA17000B54AED /* Info.plist */,
			);
			path = Resource;
			sourceTree = "<group>";
		};
		50958027200E19F300D991FF /* arquitetura-mvvmUITests */ = {
			isa = PBXGroup;
			children = (
				50958028200E19F300D991FF /* arquitetura_mvvmUITests.swift */,
				5095802A200E19F300D991FF /* Info.plist */,
				50958030200E1A9500D991FF /* KIF+Swift.swift */,
			);
			path = "arquitetura-mvvmUITests";
			sourceTree = "<group>";
		};
		50DEADC82258DFF4008AE829 /* Json */ = {
			isa = PBXGroup;
			children = (
				50DEADC92258E011008AE829 /* posts.json */,
				50DEADCB2258E6AD008AE829 /* postsError.json */,
				5094903A225963B300875A61 /* post.json */,
				5094903C225963D100875A61 /* postError.json */,
			);
			path = Json;
			sourceTree = "<group>";
		};
		5CB8D66EAC8867F4813EC0C8 /* Pods */ = {
			isa = PBXGroup;
			children = (
				F9541CFF97842100114EF240 /* Pods-arquitetura-mvvm.debug.xcconfig */,
				477F30B8A09910C9E2581544 /* Pods-arquitetura-mvvm.release.xcconfig */,
				25089BDA7D8091E5C674F0A0 /* Pods-arquitetura-mvvm-arquitetura-mvvmUITests.debug.xcconfig */,
				D0ED9EE9C274FFA90DA4BD79 /* Pods-arquitetura-mvvm-arquitetura-mvvmUITests.release.xcconfig */,
				D7216170248E246881AEEA11 /* Pods-arquitetura-mvvmTests.debug.xcconfig */,
				BEDE83171C385C0BBFC4A6A5 /* Pods-arquitetura-mvvmTests.release.xcconfig */,
			);
			path = Pods;
			sourceTree = "<group>";
		};
/* End PBXGroup section */

/* Begin PBXNativeTarget section */
		5060038D1FFFA17000B54AED /* arquitetura-mvvm */ = {
			isa = PBXNativeTarget;
			buildConfigurationList = 506003B61FFFA17000B54AED /* Build configuration list for PBXNativeTarget "arquitetura-mvvm" */;
			buildPhases = (
				AEEA28898A70437656550E1D /* [CP] Check Pods Manifest.lock */,
				5060038A1FFFA17000B54AED /* Sources */,
				5060038B1FFFA17000B54AED /* Frameworks */,
				5060038C1FFFA17000B54AED /* Resources */,
				50D8B13A205154CD00F64B0B /* ShellScript */,
				1B89BD44BE69522A6C4D29CF /* [CP] Embed Pods Frameworks */,
			);
			buildRules = (
			);
			dependencies = (
			);
			name = "arquitetura-mvvm";
			productName = "arquitetura-mvvm";
			productReference = 5060038E1FFFA17000B54AED /* arquitetura-mvvm.app */;
			productType = "com.apple.product-type.application";
		};
		506003A11FFFA17000B54AED /* arquitetura-mvvmTests */ = {
			isa = PBXNativeTarget;
			buildConfigurationList = 506003B91FFFA17000B54AED /* Build configuration list for PBXNativeTarget "arquitetura-mvvmTests" */;
			buildPhases = (
				DAEA6E9E4B5218BFDA300F0D /* [CP] Check Pods Manifest.lock */,
				5060039E1FFFA17000B54AED /* Sources */,
				5060039F1FFFA17000B54AED /* Frameworks */,
				506003A01FFFA17000B54AED /* Resources */,
				885B2D7D2766806EC4FB815D /* [CP] Embed Pods Frameworks */,
			);
			buildRules = (
			);
			dependencies = (
				506003A41FFFA17000B54AED /* PBXTargetDependency */,
			);
			name = "arquitetura-mvvmTests";
			productName = "arquitetura-mvvmTests";
			productReference = 506003A21FFFA17000B54AED /* arquitetura-mvvmTests.xctest */;
			productType = "com.apple.product-type.bundle.unit-test";
		};
		50958025200E19F300D991FF /* arquitetura-mvvmUITests */ = {
			isa = PBXNativeTarget;
			buildConfigurationList = 5095802D200E19F300D991FF /* Build configuration list for PBXNativeTarget "arquitetura-mvvmUITests" */;
			buildPhases = (
				972551CA7BA81F02332D17BC /* [CP] Check Pods Manifest.lock */,
				50958022200E19F300D991FF /* Sources */,
				50958023200E19F300D991FF /* Frameworks */,
				50958024200E19F300D991FF /* Resources */,
				023E4E9DB44288FFFD2B8E82 /* [CP] Embed Pods Frameworks */,
			);
			buildRules = (
			);
			dependencies = (
				5095802C200E19F300D991FF /* PBXTargetDependency */,
			);
			name = "arquitetura-mvvmUITests";
			productName = "arquitetura-mvvmUITests";
			productReference = 50958026200E19F300D991FF /* arquitetura-mvvmUITests.xctest */;
			productType = "com.apple.product-type.bundle.unit-test";
		};
/* End PBXNativeTarget section */

/* Begin PBXProject section */
		506003861FFFA17000B54AED /* Project object */ = {
			isa = PBXProject;
			attributes = {
				LastSwiftUpdateCheck = 0920;
				LastUpgradeCheck = 1020;
				ORGANIZATIONNAME = Solutis;
				TargetAttributes = {
					5060038D1FFFA17000B54AED = {
						CreatedOnToolsVersion = 9.0;
						LastSwiftMigration = 1020;
						ProvisioningStyle = Automatic;
					};
					506003A11FFFA17000B54AED = {
						CreatedOnToolsVersion = 9.0;
						LastSwiftMigration = 1020;
						ProvisioningStyle = Automatic;
						TestTargetID = 5060038D1FFFA17000B54AED;
					};
					50958025200E19F300D991FF = {
						CreatedOnToolsVersion = 9.0;
						LastSwiftMigration = 1020;
						ProvisioningStyle = Automatic;
						TestTargetID = 5060038D1FFFA17000B54AED;
					};
				};
			};
			buildConfigurationList = 506003891FFFA17000B54AED /* Build configuration list for PBXProject "arquitetura-mvvm" */;
			compatibilityVersion = "Xcode 8.0";
			developmentRegion = en;
			hasScannedForEncodings = 0;
			knownRegions = (
				en,
				Base,
			);
			mainGroup = 506003851FFFA17000B54AED;
			productRefGroup = 5060038F1FFFA17000B54AED /* Products */;
			projectDirPath = "";
			projectRoot = "";
			targets = (
				5060038D1FFFA17000B54AED /* arquitetura-mvvm */,
				506003A11FFFA17000B54AED /* arquitetura-mvvmTests */,
				50958025200E19F300D991FF /* arquitetura-mvvmUITests */,
			);
		};
/* End PBXProject section */

/* Begin PBXResourcesBuildPhase section */
		5060038C1FFFA17000B54AED /* Resources */ = {
			isa = PBXResourcesBuildPhase;
			buildActionMask = 2147483647;
			files = (
				50DEADCC2258E6AD008AE829 /* postsError.json in Resources */,
				5060039C1FFFA17000B54AED /* LaunchScreen.storyboard in Resources */,
				506003991FFFA17000B54AED /* Assets.xcassets in Resources */,
				5094903D225963D100875A61 /* postError.json in Resources */,
				506003971FFFA17000B54AED /* Main.storyboard in Resources */,
				50DEADCA2258E011008AE829 /* posts.json in Resources */,
				5094903B225963B300875A61 /* post.json in Resources */,
			);
			runOnlyForDeploymentPostprocessing = 0;
		};
		506003A01FFFA17000B54AED /* Resources */ = {
			isa = PBXResourcesBuildPhase;
			buildActionMask = 2147483647;
			files = (
				509490372259269800875A61 /* postsError.json in Resources */,
				509490362259269500875A61 /* posts.json in Resources */,
				5094903F2259659500875A61 /* postError.json in Resources */,
				5094903E2259654300875A61 /* post.json in Resources */,
			);
			runOnlyForDeploymentPostprocessing = 0;
		};
		50958024200E19F300D991FF /* Resources */ = {
			isa = PBXResourcesBuildPhase;
			buildActionMask = 2147483647;
			files = (
			);
			runOnlyForDeploymentPostprocessing = 0;
		};
/* End PBXResourcesBuildPhase section */

/* Begin PBXShellScriptBuildPhase section */
		023E4E9DB44288FFFD2B8E82 /* [CP] Embed Pods Frameworks */ = {
			isa = PBXShellScriptBuildPhase;
			buildActionMask = 2147483647;
			files = (
			);
			inputFileListPaths = (
			);
			inputPaths = (
				"${PODS_ROOT}/Target Support Files/Pods-arquitetura-mvvm-arquitetura-mvvmUITests/Pods-arquitetura-mvvm-arquitetura-mvvmUITests-frameworks.sh",
				"${BUILT_PRODUCTS_DIR}/Alamofire/Alamofire.framework",
				"${BUILT_PRODUCTS_DIR}/RxCocoa/RxCocoa.framework",
				"${BUILT_PRODUCTS_DIR}/RxSwift/RxSwift.framework",
				"${BUILT_PRODUCTS_DIR}/KIF/KIF.framework",
			);
			name = "[CP] Embed Pods Frameworks";
			outputFileListPaths = (
			);
			outputPaths = (
				"${TARGET_BUILD_DIR}/${FRAMEWORKS_FOLDER_PATH}/Alamofire.framework",
				"${TARGET_BUILD_DIR}/${FRAMEWORKS_FOLDER_PATH}/RxCocoa.framework",
				"${TARGET_BUILD_DIR}/${FRAMEWORKS_FOLDER_PATH}/RxSwift.framework",
				"${TARGET_BUILD_DIR}/${FRAMEWORKS_FOLDER_PATH}/KIF.framework",
			);
			runOnlyForDeploymentPostprocessing = 0;
			shellPath = /bin/sh;
			shellScript = "\"${PODS_ROOT}/Target Support Files/Pods-arquitetura-mvvm-arquitetura-mvvmUITests/Pods-arquitetura-mvvm-arquitetura-mvvmUITests-frameworks.sh\"\n";
			showEnvVarsInLog = 0;
		};
		1B89BD44BE69522A6C4D29CF /* [CP] Embed Pods Frameworks */ = {
			isa = PBXShellScriptBuildPhase;
			buildActionMask = 2147483647;
			files = (
			);
			inputFileListPaths = (
			);
			inputPaths = (
				"${PODS_ROOT}/Target Support Files/Pods-arquitetura-mvvm/Pods-arquitetura-mvvm-frameworks.sh",
				"${BUILT_PRODUCTS_DIR}/Alamofire/Alamofire.framework",
				"${BUILT_PRODUCTS_DIR}/RxCocoa/RxCocoa.framework",
				"${BUILT_PRODUCTS_DIR}/RxSwift/RxSwift.framework",
			);
			name = "[CP] Embed Pods Frameworks";
			outputFileListPaths = (
			);
			outputPaths = (
				"${TARGET_BUILD_DIR}/${FRAMEWORKS_FOLDER_PATH}/Alamofire.framework",
				"${TARGET_BUILD_DIR}/${FRAMEWORKS_FOLDER_PATH}/RxCocoa.framework",
				"${TARGET_BUILD_DIR}/${FRAMEWORKS_FOLDER_PATH}/RxSwift.framework",
			);
			runOnlyForDeploymentPostprocessing = 0;
			shellPath = /bin/sh;
			shellScript = "\"${PODS_ROOT}/Target Support Files/Pods-arquitetura-mvvm/Pods-arquitetura-mvvm-frameworks.sh\"\n";
			showEnvVarsInLog = 0;
		};
		50D8B13A205154CD00F64B0B /* ShellScript */ = {
			isa = PBXShellScriptBuildPhase;
			buildActionMask = 2147483647;
			files = (
			);
			inputPaths = (
			);
			outputPaths = (
			);
			runOnlyForDeploymentPostprocessing = 0;
			shellPath = /bin/sh;
			shellScript = "#if which swiftlint >/dev/null; then\n#swiftlint\n#else\n#echo \"warning: SwiftLint not installed, download from https://github.com/realm/SwiftLint\"\n#fi\n";
		};
		885B2D7D2766806EC4FB815D /* [CP] Embed Pods Frameworks */ = {
			isa = PBXShellScriptBuildPhase;
			buildActionMask = 2147483647;
			files = (
			);
			inputFileListPaths = (
			);
			inputPaths = (
				"${PODS_ROOT}/Target Support Files/Pods-arquitetura-mvvmTests/Pods-arquitetura-mvvmTests-frameworks.sh",
				"${BUILT_PRODUCTS_DIR}/RxCocoa/RxCocoa.framework",
				"${BUILT_PRODUCTS_DIR}/RxSwift/RxSwift.framework",
				"${BUILT_PRODUCTS_DIR}/Mockingjay/Mockingjay.framework",
				"${BUILT_PRODUCTS_DIR}/RxBlocking/RxBlocking.framework",
				"${BUILT_PRODUCTS_DIR}/URITemplate/URITemplate.framework",
			);
			name = "[CP] Embed Pods Frameworks";
			outputFileListPaths = (
			);
			outputPaths = (
				"${TARGET_BUILD_DIR}/${FRAMEWORKS_FOLDER_PATH}/RxCocoa.framework",
				"${TARGET_BUILD_DIR}/${FRAMEWORKS_FOLDER_PATH}/RxSwift.framework",
				"${TARGET_BUILD_DIR}/${FRAMEWORKS_FOLDER_PATH}/Mockingjay.framework",
				"${TARGET_BUILD_DIR}/${FRAMEWORKS_FOLDER_PATH}/RxBlocking.framework",
				"${TARGET_BUILD_DIR}/${FRAMEWORKS_FOLDER_PATH}/URITemplate.framework",
			);
			runOnlyForDeploymentPostprocessing = 0;
			shellPath = /bin/sh;
			shellScript = "\"${PODS_ROOT}/Target Support Files/Pods-arquitetura-mvvmTests/Pods-arquitetura-mvvmTests-frameworks.sh\"\n";
			showEnvVarsInLog = 0;
		};
		972551CA7BA81F02332D17BC /* [CP] Check Pods Manifest.lock */ = {
			isa = PBXShellScriptBuildPhase;
			buildActionMask = 2147483647;
			files = (
			);
			inputFileListPaths = (
			);
			inputPaths = (
				"${PODS_PODFILE_DIR_PATH}/Podfile.lock",
				"${PODS_ROOT}/Manifest.lock",
			);
			name = "[CP] Check Pods Manifest.lock";
			outputFileListPaths = (
			);
			outputPaths = (
				"$(DERIVED_FILE_DIR)/Pods-arquitetura-mvvm-arquitetura-mvvmUITests-checkManifestLockResult.txt",
			);
			runOnlyForDeploymentPostprocessing = 0;
			shellPath = /bin/sh;
			shellScript = "diff \"${PODS_PODFILE_DIR_PATH}/Podfile.lock\" \"${PODS_ROOT}/Manifest.lock\" > /dev/null\nif [ $? != 0 ] ; then\n    # print error to STDERR\n    echo \"error: The sandbox is not in sync with the Podfile.lock. Run 'pod install' or update your CocoaPods installation.\" >&2\n    exit 1\nfi\n# This output is used by Xcode 'outputs' to avoid re-running this script phase.\necho \"SUCCESS\" > \"${SCRIPT_OUTPUT_FILE_0}\"\n";
			showEnvVarsInLog = 0;
		};
		AEEA28898A70437656550E1D /* [CP] Check Pods Manifest.lock */ = {
			isa = PBXShellScriptBuildPhase;
			buildActionMask = 2147483647;
			files = (
			);
			inputFileListPaths = (
			);
			inputPaths = (
				"${PODS_PODFILE_DIR_PATH}/Podfile.lock",
				"${PODS_ROOT}/Manifest.lock",
			);
			name = "[CP] Check Pods Manifest.lock";
			outputFileListPaths = (
			);
			outputPaths = (
				"$(DERIVED_FILE_DIR)/Pods-arquitetura-mvvm-checkManifestLockResult.txt",
			);
			runOnlyForDeploymentPostprocessing = 0;
			shellPath = /bin/sh;
			shellScript = "diff \"${PODS_PODFILE_DIR_PATH}/Podfile.lock\" \"${PODS_ROOT}/Manifest.lock\" > /dev/null\nif [ $? != 0 ] ; then\n    # print error to STDERR\n    echo \"error: The sandbox is not in sync with the Podfile.lock. Run 'pod install' or update your CocoaPods installation.\" >&2\n    exit 1\nfi\n# This output is used by Xcode 'outputs' to avoid re-running this script phase.\necho \"SUCCESS\" > \"${SCRIPT_OUTPUT_FILE_0}\"\n";
			showEnvVarsInLog = 0;
		};
		DAEA6E9E4B5218BFDA300F0D /* [CP] Check Pods Manifest.lock */ = {
			isa = PBXShellScriptBuildPhase;
			buildActionMask = 2147483647;
			files = (
			);
			inputFileListPaths = (
			);
			inputPaths = (
				"${PODS_PODFILE_DIR_PATH}/Podfile.lock",
				"${PODS_ROOT}/Manifest.lock",
			);
			name = "[CP] Check Pods Manifest.lock";
			outputFileListPaths = (
			);
			outputPaths = (
				"$(DERIVED_FILE_DIR)/Pods-arquitetura-mvvmTests-checkManifestLockResult.txt",
			);
			runOnlyForDeploymentPostprocessing = 0;
			shellPath = /bin/sh;
			shellScript = "diff \"${PODS_PODFILE_DIR_PATH}/Podfile.lock\" \"${PODS_ROOT}/Manifest.lock\" > /dev/null\nif [ $? != 0 ] ; then\n    # print error to STDERR\n    echo \"error: The sandbox is not in sync with the Podfile.lock. Run 'pod install' or update your CocoaPods installation.\" >&2\n    exit 1\nfi\n# This output is used by Xcode 'outputs' to avoid re-running this script phase.\necho \"SUCCESS\" > \"${SCRIPT_OUTPUT_FILE_0}\"\n";
			showEnvVarsInLog = 0;
		};
/* End PBXShellScriptBuildPhase section */

/* Begin PBXSourcesBuildPhase section */
		5060038A1FFFA17000B54AED /* Sources */ = {
			isa = PBXSourcesBuildPhase;
			buildActionMask = 2147483647;
			files = (
				506003CE1FFFB63200B54AED /* PostViewModel.swift in Sources */,
				506003D01FFFB96500B54AED /* Endpoits.swift in Sources */,
				5081A15E20B8C01600627698 /* PostDetailViewController.swift in Sources */,
				50D8B1392050231300F64B0B /* BaseRemoteServiceProtocol.swift in Sources */,
				508301C220B461CB00EB4365 /* BaseViewModel.swift in Sources */,
				506003CA1FFFB57300B54AED /* Post.swift in Sources */,
				500A2BD520501AA70073ED70 /* Error.swift in Sources */,
				508301C420B47A2100EB4365 /* PostTableViewCellViewModel.swift in Sources */,
				506003941FFFA17000B54AED /* ViewController.swift in Sources */,
				5081A15C20B8BC2900627698 /* PostDetailViewModel.swift in Sources */,
				506003D21FFFB98200B54AED /* BaseRemoteService.swift in Sources */,
				506003D51FFFF2B800B54AED /* BaseViewController.swift in Sources */,
				41D92BB5225C3FDE0098E260 /* BaseTableViewCell.swift in Sources */,
				506003921FFFA17000B54AED /* AppDelegate.swift in Sources */,
				500A2BCA2049FC040073ED70 /* ResponseError.swift in Sources */,
				506003CC1FFFB60500B54AED /* PostRemoteService.swift in Sources */,
				506003D81FFFF4A000B54AED /* PostTableViewCell.swift in Sources */,
			);
			runOnlyForDeploymentPostprocessing = 0;
		};
		5060039E1FFFA17000B54AED /* Sources */ = {
			isa = PBXSourcesBuildPhase;
			buildActionMask = 2147483647;
			files = (
				506003A71FFFA17000B54AED /* arquitetura_mvvmTests.swift in Sources */,
				5094903922593D8400875A61 /* PostDetailViewModelTest.swift in Sources */,
				50DEADC72258DBBF008AE829 /* BaseTest.swift in Sources */,
				50DEADCE22591C20008AE829 /* PostViewModelTest.swift in Sources */,
			);
			runOnlyForDeploymentPostprocessing = 0;
		};
		50958022200E19F300D991FF /* Sources */ = {
			isa = PBXSourcesBuildPhase;
			buildActionMask = 2147483647;
			files = (
				50958031200E1A9500D991FF /* KIF+Swift.swift in Sources */,
				50958029200E19F300D991FF /* arquitetura_mvvmUITests.swift in Sources */,
			);
			runOnlyForDeploymentPostprocessing = 0;
		};
/* End PBXSourcesBuildPhase section */

/* Begin PBXTargetDependency section */
		506003A41FFFA17000B54AED /* PBXTargetDependency */ = {
			isa = PBXTargetDependency;
			target = 5060038D1FFFA17000B54AED /* arquitetura-mvvm */;
			targetProxy = 506003A31FFFA17000B54AED /* PBXContainerItemProxy */;
		};
		5095802C200E19F300D991FF /* PBXTargetDependency */ = {
			isa = PBXTargetDependency;
			target = 5060038D1FFFA17000B54AED /* arquitetura-mvvm */;
			targetProxy = 5095802B200E19F300D991FF /* PBXContainerItemProxy */;
		};
/* End PBXTargetDependency section */

/* Begin PBXVariantGroup section */
		506003951FFFA17000B54AED /* Main.storyboard */ = {
			isa = PBXVariantGroup;
			children = (
				506003961FFFA17000B54AED /* Base */,
			);
			name = Main.storyboard;
			sourceTree = "<group>";
		};
		5060039A1FFFA17000B54AED /* LaunchScreen.storyboard */ = {
			isa = PBXVariantGroup;
			children = (
				5060039B1FFFA17000B54AED /* Base */,
			);
			name = LaunchScreen.storyboard;
			sourceTree = "<group>";
		};
/* End PBXVariantGroup section */

/* Begin XCBuildConfiguration section */
		506003B41FFFA17000B54AED /* Debug */ = {
			isa = XCBuildConfiguration;
			buildSettings = {
				ALWAYS_SEARCH_USER_PATHS = NO;
				CLANG_ANALYZER_NONNULL = YES;
				CLANG_ANALYZER_NUMBER_OBJECT_CONVERSION = YES_AGGRESSIVE;
				CLANG_CXX_LANGUAGE_STANDARD = "gnu++14";
				CLANG_CXX_LIBRARY = "libc++";
				CLANG_ENABLE_MODULES = YES;
				CLANG_ENABLE_OBJC_ARC = YES;
				CLANG_WARN_BLOCK_CAPTURE_AUTORELEASING = YES;
				CLANG_WARN_BOOL_CONVERSION = YES;
				CLANG_WARN_COMMA = YES;
				CLANG_WARN_CONSTANT_CONVERSION = YES;
				CLANG_WARN_DEPRECATED_OBJC_IMPLEMENTATIONS = YES;
				CLANG_WARN_DIRECT_OBJC_ISA_USAGE = YES_ERROR;
				CLANG_WARN_DOCUMENTATION_COMMENTS = YES;
				CLANG_WARN_EMPTY_BODY = YES;
				CLANG_WARN_ENUM_CONVERSION = YES;
				CLANG_WARN_INFINITE_RECURSION = YES;
				CLANG_WARN_INT_CONVERSION = YES;
				CLANG_WARN_NON_LITERAL_NULL_CONVERSION = YES;
				CLANG_WARN_OBJC_IMPLICIT_RETAIN_SELF = YES;
				CLANG_WARN_OBJC_LITERAL_CONVERSION = YES;
				CLANG_WARN_OBJC_ROOT_CLASS = YES_ERROR;
				CLANG_WARN_RANGE_LOOP_ANALYSIS = YES;
				CLANG_WARN_STRICT_PROTOTYPES = YES;
				CLANG_WARN_SUSPICIOUS_MOVE = YES;
				CLANG_WARN_UNGUARDED_AVAILABILITY = YES_AGGRESSIVE;
				CLANG_WARN_UNREACHABLE_CODE = YES;
				CLANG_WARN__DUPLICATE_METHOD_MATCH = YES;
				CODE_SIGN_IDENTITY = "iPhone Developer";
				COPY_PHASE_STRIP = NO;
				DEBUG_INFORMATION_FORMAT = dwarf;
				ENABLE_STRICT_OBJC_MSGSEND = YES;
				ENABLE_TESTABILITY = YES;
				GCC_C_LANGUAGE_STANDARD = gnu11;
				GCC_DYNAMIC_NO_PIC = NO;
				GCC_NO_COMMON_BLOCKS = YES;
				GCC_OPTIMIZATION_LEVEL = 0;
				GCC_PREPROCESSOR_DEFINITIONS = (
					"DEBUG=1",
					"$(inherited)",
				);
				GCC_WARN_64_TO_32_BIT_CONVERSION = YES;
				GCC_WARN_ABOUT_RETURN_TYPE = YES_ERROR;
				GCC_WARN_UNDECLARED_SELECTOR = YES;
				GCC_WARN_UNINITIALIZED_AUTOS = YES_AGGRESSIVE;
				GCC_WARN_UNUSED_FUNCTION = YES;
				GCC_WARN_UNUSED_VARIABLE = YES;
				IPHONEOS_DEPLOYMENT_TARGET = 12.1;
				MTL_ENABLE_DEBUG_INFO = YES;
				ONLY_ACTIVE_ARCH = YES;
				SDKROOT = iphoneos;
				SWIFT_ACTIVE_COMPILATION_CONDITIONS = DEBUG;
				SWIFT_OPTIMIZATION_LEVEL = "-Onone";
				SWIFT_VERSION = 4.2;
			};
			name = Debug;
		};
		506003B51FFFA17000B54AED /* Release */ = {
			isa = XCBuildConfiguration;
			buildSettings = {
				ALWAYS_SEARCH_USER_PATHS = NO;
				CLANG_ANALYZER_NONNULL = YES;
				CLANG_ANALYZER_NUMBER_OBJECT_CONVERSION = YES_AGGRESSIVE;
				CLANG_CXX_LANGUAGE_STANDARD = "gnu++14";
				CLANG_CXX_LIBRARY = "libc++";
				CLANG_ENABLE_MODULES = YES;
				CLANG_ENABLE_OBJC_ARC = YES;
				CLANG_WARN_BLOCK_CAPTURE_AUTORELEASING = YES;
				CLANG_WARN_BOOL_CONVERSION = YES;
				CLANG_WARN_COMMA = YES;
				CLANG_WARN_CONSTANT_CONVERSION = YES;
				CLANG_WARN_DEPRECATED_OBJC_IMPLEMENTATIONS = YES;
				CLANG_WARN_DIRECT_OBJC_ISA_USAGE = YES_ERROR;
				CLANG_WARN_DOCUMENTATION_COMMENTS = YES;
				CLANG_WARN_EMPTY_BODY = YES;
				CLANG_WARN_ENUM_CONVERSION = YES;
				CLANG_WARN_INFINITE_RECURSION = YES;
				CLANG_WARN_INT_CONVERSION = YES;
				CLANG_WARN_NON_LITERAL_NULL_CONVERSION = YES;
				CLANG_WARN_OBJC_IMPLICIT_RETAIN_SELF = YES;
				CLANG_WARN_OBJC_LITERAL_CONVERSION = YES;
				CLANG_WARN_OBJC_ROOT_CLASS = YES_ERROR;
				CLANG_WARN_RANGE_LOOP_ANALYSIS = YES;
				CLANG_WARN_STRICT_PROTOTYPES = YES;
				CLANG_WARN_SUSPICIOUS_MOVE = YES;
				CLANG_WARN_UNGUARDED_AVAILABILITY = YES_AGGRESSIVE;
				CLANG_WARN_UNREACHABLE_CODE = YES;
				CLANG_WARN__DUPLICATE_METHOD_MATCH = YES;
				CODE_SIGN_IDENTITY = "iPhone Developer";
				COPY_PHASE_STRIP = NO;
				DEBUG_INFORMATION_FORMAT = "dwarf-with-dsym";
				ENABLE_NS_ASSERTIONS = NO;
				ENABLE_STRICT_OBJC_MSGSEND = YES;
				GCC_C_LANGUAGE_STANDARD = gnu11;
				GCC_NO_COMMON_BLOCKS = YES;
				GCC_WARN_64_TO_32_BIT_CONVERSION = YES;
				GCC_WARN_ABOUT_RETURN_TYPE = YES_ERROR;
				GCC_WARN_UNDECLARED_SELECTOR = YES;
				GCC_WARN_UNINITIALIZED_AUTOS = YES_AGGRESSIVE;
				GCC_WARN_UNUSED_FUNCTION = YES;
				GCC_WARN_UNUSED_VARIABLE = YES;
				IPHONEOS_DEPLOYMENT_TARGET = 12.1;
				MTL_ENABLE_DEBUG_INFO = NO;
				SDKROOT = iphoneos;
				SWIFT_OPTIMIZATION_LEVEL = "-Owholemodule";
				SWIFT_VERSION = 4.2;
				VALIDATE_PRODUCT = YES;
			};
			name = Release;
		};
		506003B71FFFA17000B54AED /* Debug */ = {
			isa = XCBuildConfiguration;
			baseConfigurationReference = F9541CFF97842100114EF240 /* Pods-arquitetura-mvvm.debug.xcconfig */;
			buildSettings = {
				ASSETCATALOG_COMPILER_APPICON_NAME = AppIcon;
				CODE_SIGN_STYLE = Automatic;
				DEVELOPMENT_TEAM = CQA32AEKSS;
				INFOPLIST_FILE = "arquitetura-mvvm/Common/Resource/Info.plist";
				IPHONEOS_DEPLOYMENT_TARGET = 12.1;
				LD_RUNPATH_SEARCH_PATHS = "$(inherited) @executable_path/Frameworks";
				PRODUCT_BUNDLE_IDENTIFIER = "br.com.solutis.arquitetura-mvvm";
				PRODUCT_NAME = "$(TARGET_NAME)";
				SWIFT_VERSION = 4.2;
				TARGETED_DEVICE_FAMILY = "1,2";
			};
			name = Debug;
		};
		506003B81FFFA17000B54AED /* Release */ = {
			isa = XCBuildConfiguration;
			baseConfigurationReference = 477F30B8A09910C9E2581544 /* Pods-arquitetura-mvvm.release.xcconfig */;
			buildSettings = {
				ASSETCATALOG_COMPILER_APPICON_NAME = AppIcon;
				CODE_SIGN_STYLE = Automatic;
				DEVELOPMENT_TEAM = CQA32AEKSS;
				INFOPLIST_FILE = "arquitetura-mvvm/Common/Resource/Info.plist";
				IPHONEOS_DEPLOYMENT_TARGET = 12.1;
				LD_RUNPATH_SEARCH_PATHS = "$(inherited) @executable_path/Frameworks";
				PRODUCT_BUNDLE_IDENTIFIER = "br.com.solutis.arquitetura-mvvm";
				PRODUCT_NAME = "$(TARGET_NAME)";
				SWIFT_VERSION = 4.2;
				TARGETED_DEVICE_FAMILY = "1,2";
			};
			name = Release;
		};
		506003BA1FFFA17000B54AED /* Debug */ = {
			isa = XCBuildConfiguration;
			baseConfigurationReference = D7216170248E246881AEEA11 /* Pods-arquitetura-mvvmTests.debug.xcconfig */;
			buildSettings = {
				ALWAYS_EMBED_SWIFT_STANDARD_LIBRARIES = "$(inherited)";
				BUNDLE_LOADER = "$(TEST_HOST)";
				CODE_SIGN_STYLE = Automatic;
				INFOPLIST_FILE = "arquitetura-mvvmTests/Info.plist";
				LD_RUNPATH_SEARCH_PATHS = "$(inherited) @executable_path/Frameworks @loader_path/Frameworks";
				PRODUCT_BUNDLE_IDENTIFIER = "br.com.solutis.arquitetura-mvvmTests";
				PRODUCT_NAME = "$(TARGET_NAME)";
				SWIFT_VERSION = 4.2;
				TARGETED_DEVICE_FAMILY = "1,2";
				TEST_HOST = "$(BUILT_PRODUCTS_DIR)/arquitetura-mvvm.app/arquitetura-mvvm";
			};
			name = Debug;
		};
		506003BB1FFFA17000B54AED /* Release */ = {
			isa = XCBuildConfiguration;
			baseConfigurationReference = BEDE83171C385C0BBFC4A6A5 /* Pods-arquitetura-mvvmTests.release.xcconfig */;
			buildSettings = {
				ALWAYS_EMBED_SWIFT_STANDARD_LIBRARIES = "$(inherited)";
				BUNDLE_LOADER = "$(TEST_HOST)";
				CODE_SIGN_STYLE = Automatic;
				INFOPLIST_FILE = "arquitetura-mvvmTests/Info.plist";
				LD_RUNPATH_SEARCH_PATHS = "$(inherited) @executable_path/Frameworks @loader_path/Frameworks";
				PRODUCT_BUNDLE_IDENTIFIER = "br.com.solutis.arquitetura-mvvmTests";
				PRODUCT_NAME = "$(TARGET_NAME)";
				SWIFT_VERSION = 4.2;
				TARGETED_DEVICE_FAMILY = "1,2";
				TEST_HOST = "$(BUILT_PRODUCTS_DIR)/arquitetura-mvvm.app/arquitetura-mvvm";
			};
			name = Release;
		};
		5095802E200E19F300D991FF /* Debug */ = {
			isa = XCBuildConfiguration;
			baseConfigurationReference = 25089BDA7D8091E5C674F0A0 /* Pods-arquitetura-mvvm-arquitetura-mvvmUITests.debug.xcconfig */;
			buildSettings = {
				BUNDLE_LOADER = "$(TEST_HOST)";
				CODE_SIGN_STYLE = Automatic;
				INFOPLIST_FILE = "arquitetura-mvvmUITests/Info.plist";
				LD_RUNPATH_SEARCH_PATHS = "$(inherited) @executable_path/Frameworks @loader_path/Frameworks";
				PRODUCT_BUNDLE_IDENTIFIER = "br.com.solutis.arquitetura-mvvmUITests";
				PRODUCT_NAME = "$(TARGET_NAME)";
				SWIFT_VERSION = 4.2;
				TARGETED_DEVICE_FAMILY = "1,2";
				TEST_HOST = "$(BUILT_PRODUCTS_DIR)/arquitetura-mvvm.app/arquitetura-mvvm";
			};
			name = Debug;
		};
		5095802F200E19F300D991FF /* Release */ = {
			isa = XCBuildConfiguration;
			baseConfigurationReference = D0ED9EE9C274FFA90DA4BD79 /* Pods-arquitetura-mvvm-arquitetura-mvvmUITests.release.xcconfig */;
			buildSettings = {
				BUNDLE_LOADER = "$(TEST_HOST)";
				CODE_SIGN_STYLE = Automatic;
				INFOPLIST_FILE = "arquitetura-mvvmUITests/Info.plist";
				LD_RUNPATH_SEARCH_PATHS = "$(inherited) @executable_path/Frameworks @loader_path/Frameworks";
				PRODUCT_BUNDLE_IDENTIFIER = "br.com.solutis.arquitetura-mvvmUITests";
				PRODUCT_NAME = "$(TARGET_NAME)";
				SWIFT_VERSION = 4.2;
				TARGETED_DEVICE_FAMILY = "1,2";
				TEST_HOST = "$(BUILT_PRODUCTS_DIR)/arquitetura-mvvm.app/arquitetura-mvvm";
			};
			name = Release;
		};
/* End XCBuildConfiguration section */

/* Begin XCConfigurationList section */
		506003891FFFA17000B54AED /* Build configuration list for PBXProject "arquitetura-mvvm" */ = {
			isa = XCConfigurationList;
			buildConfigurations = (
				506003B41FFFA17000B54AED /* Debug */,
				506003B51FFFA17000B54AED /* Release */,
			);
			defaultConfigurationIsVisible = 0;
			defaultConfigurationName = Release;
		};
		506003B61FFFA17000B54AED /* Build configuration list for PBXNativeTarget "arquitetura-mvvm" */ = {
			isa = XCConfigurationList;
			buildConfigurations = (
				506003B71FFFA17000B54AED /* Debug */,
				506003B81FFFA17000B54AED /* Release */,
			);
			defaultConfigurationIsVisible = 0;
			defaultConfigurationName = Release;
		};
		506003B91FFFA17000B54AED /* Build configuration list for PBXNativeTarget "arquitetura-mvvmTests" */ = {
			isa = XCConfigurationList;
			buildConfigurations = (
				506003BA1FFFA17000B54AED /* Debug */,
				506003BB1FFFA17000B54AED /* Release */,
			);
			defaultConfigurationIsVisible = 0;
			defaultConfigurationName = Release;
		};
		5095802D200E19F300D991FF /* Build configuration list for PBXNativeTarget "arquitetura-mvvmUITests" */ = {
			isa = XCConfigurationList;
			buildConfigurations = (
				5095802E200E19F300D991FF /* Debug */,
				5095802F200E19F300D991FF /* Release */,
			);
			defaultConfigurationIsVisible = 0;
			defaultConfigurationName = Release;
		};
/* End XCConfigurationList section */
	};
	rootObject = 506003861FFFA17000B54AED /* Project object */;
}
